
Microsoft Visual Studio Solution File, Format Version 12.00
# Visual Studio Version 17
VisualStudioVersion = 17.5.002.0
MinimumVisualStudioVersion = 10.0.40219.1
Project("{9A19103F-16F7-4668-BE54-9A1E7A4F7556}") = "PedidoApi", "PedidoApi.csproj", "{B2B652F1-1801-4C47-87E7-CFCECDF7B0D5}"
EndProject
Global
	GlobalSection(SolutionConfigurationPlatforms) = preSolution
		Debug|Any CPU = Debug|Any CPU
		Release|Any CPU = Release|Any CPU
	EndGlobalSection
	GlobalSection(ProjectConfigurationPlatforms) = postSolution
		{B2B652F1-1801-4C47-87E7-CFCECDF7B0D5}.Debug|Any CPU.ActiveCfg = Debug|Any CPU
		{B2B652F1-1801-4C47-87E7-CFCECDF7B0D5}.Debug|Any CPU.Build.0 = Debug|Any CPU
		{B2B652F1-1801-4C47-87E7-CFCECDF7B0D5}.Release|Any CPU.ActiveCfg = Release|Any CPU
		{B2B652F1-1801-4C47-87E7-CFCECDF7B0D5}.Release|Any CPU.Build.0 = Release|Any CPU
	EndGlobalSection
	GlobalSection(SolutionProperties) = preSolution
		HideSolutionNode = FALSE
	EndGlobalSection
	GlobalSection(ExtensibilityGlobals) = postSolution
		SolutionGuid = {CACCAB8F-8DB4-4179-8850-A56E89D86057}
	EndGlobalSection
EndGlobal
