
Microsoft Visual Studio Solution File, Format Version 12.00
# Visual Studio Version 17
VisualStudioVersion = 17.9.34728.123
MinimumVisualStudioVersion = 10.0.40219.1
Project("{FAE04EC0-301F-11D3-BF4B-00C04F79EFBC}") = "APIPedidosRecomecar", "APIPedidosRecomecar\APIPedidosRecomecar.csproj", "{8F088BD2-08A2-4365-9B91-418215EED59C}"
EndProject
Global
	GlobalSection(SolutionConfigurationPlatforms) = preSolution
		Debug|Any CPU = Debug|Any CPU
		Release|Any CPU = Release|Any CPU
	EndGlobalSection
	GlobalSection(ProjectConfigurationPlatforms) = postSolution
		{8F088BD2-08A2-4365-9B91-418215EED59C}.Debug|Any CPU.ActiveCfg = Debug|Any CPU
		{8F088BD2-08A2-4365-9B91-418215EED59C}.Debug|Any CPU.Build.0 = Debug|Any CPU
		{8F088BD2-08A2-4365-9B91-418215EED59C}.Release|Any CPU.ActiveCfg = Release|Any CPU
		{8F088BD2-08A2-4365-9B91-418215EED59C}.Release|Any CPU.Build.0 = Release|Any CPU
	EndGlobalSection
	GlobalSection(SolutionProperties) = preSolution
		HideSolutionNode = FALSE
	EndGlobalSection
	GlobalSection(ExtensibilityGlobals) = postSolution
		SolutionGuid = {E3A55C0E-2076-46C4-882A-35D3B0583B9B}
	EndGlobalSection
EndGlobal
