
Microsoft Visual Studio Solution File, Format Version 12.00
# Visual Studio Version 17
VisualStudioVersion = 17.9.34714.143
MinimumVisualStudioVersion = 10.0.40219.1
Project("{9A19103F-16F7-4668-BE54-9A1E7A4F7556}") = "WebApiDB", "WebApiDB\WebApiDB.csproj", "{7F11EF00-3088-4E50-942A-2A4DA661FAC8}"
EndProject
Project("{FAE04EC0-301F-11D3-BF4B-00C04F79EFBC}") = "AcessWebApi", "AcessWebApi\AcessWebApi.csproj", "{460BD753-28E3-426D-AC2E-7019924622FB}"
EndProject
Global
	GlobalSection(SolutionConfigurationPlatforms) = preSolution
		Debug|Any CPU = Debug|Any CPU
		Release|Any CPU = Release|Any CPU
	EndGlobalSection
	GlobalSection(ProjectConfigurationPlatforms) = postSolution
		{7F11EF00-3088-4E50-942A-2A4DA661FAC8}.Debug|Any CPU.ActiveCfg = Debug|Any CPU
		{7F11EF00-3088-4E50-942A-2A4DA661FAC8}.Debug|Any CPU.Build.0 = Debug|Any CPU
		{7F11EF00-3088-4E50-942A-2A4DA661FAC8}.Release|Any CPU.ActiveCfg = Release|Any CPU
		{7F11EF00-3088-4E50-942A-2A4DA661FAC8}.Release|Any CPU.Build.0 = Release|Any CPU
		{460BD753-28E3-426D-AC2E-7019924622FB}.Debug|Any CPU.ActiveCfg = Debug|Any CPU
		{460BD753-28E3-426D-AC2E-7019924622FB}.Debug|Any CPU.Build.0 = Debug|Any CPU
		{460BD753-28E3-426D-AC2E-7019924622FB}.Release|Any CPU.ActiveCfg = Release|Any CPU
		{460BD753-28E3-426D-AC2E-7019924622FB}.Release|Any CPU.Build.0 = Release|Any CPU
	EndGlobalSection
	GlobalSection(SolutionProperties) = preSolution
		HideSolutionNode = FALSE
	EndGlobalSection
	GlobalSection(ExtensibilityGlobals) = postSolution
		SolutionGuid = {6BBBE07E-0F18-4C42-B601-69E12EF0A1E5}
	EndGlobalSection
EndGlobal
